{
  "name": "client",
  "version": "1.0.0",
  "lockfileVersion": 3,
  "requires": true,
  "packages": {
    "": {
      "name": "client",
      "version": "1.0.0",
      "license": "ISC",
      "dependencies": {
        "simple-notify": "^1.0.6"
      }
    },
    "node_modules/simple-notify": {
      "version": "1.0.6",
      "resolved": "https://registry.npmjs.org/simple-notify/-/simple-notify-1.0.6.tgz",
      "integrity": "sha512-/nO2zwJvMls7MoViV8WpzJccI3LTOM4DfCc21gqtHJEzU1kKMHIBofj9AwjdVrosK+R2nJYJ8F/ImFLAdZpyAw==",
      "license": "MIT"
    }
  }
}
